{
  "name": "playwright-testleaf",
  "version": "1.0.0",
  "lockfileVersion": 3,
  "requires": true,
  "packages": {
    "": {
      "name": "playwright-testleaf",
      "version": "1.0.0",
      "license": "ISC",
      "dependencies": {
        "axios": "^1.7.9",
        "csv": "^6.3.11",
        "dotenv": "^16.5.0"
      },
      "devDependencies": {
        "@playwright/test": "^1.45.1",
        "@types/node": "^20.14.10"
      }
    },
    "node_modules/@playwright/test": {
      "version": "1.45.1",
      "resolved": "https://registry.npmjs.org/@playwright/test/-/test-1.45.1.tgz",
      "integrity": "sha512-Wo1bWTzQvGA7LyKGIZc8nFSTFf2TkthGIFBR+QVNilvwouGzFd4PYukZe3rvf5PSqjHi1+1NyKSDZKcQWETzaA==",
      "dev": true,
      "dependencies": {
        "playwright": "1.45.1"
      },
      "bin": {
        "playwright": "cli.js"
      },
      "engines": {
        "node": ">=18"
      }
    },
    "node_modules/@types/node": {
      "version": "20.14.10",
      "resolved": "https://registry.npmjs.org/@types/node/-/node-20.14.10.tgz",
      "integrity": "sha512-MdiXf+nDuMvY0gJKxyfZ7/6UFsETO7mGKF54MVD/ekJS6HdFtpZFBgrh6Pseu64XTb2MLyFPlbW6hj8HYRQNOQ==",
      "dev": true,
      "dependencies": {
        "undici-types": "~5.26.4"
      }
    },
    "node_modules/asynckit": {
      "version": "0.4.0",
      "resolved": "https://registry.npmjs.org/asynckit/-/asynckit-0.4.0.tgz",
      "integrity": "sha512-Oei9OH4tRh0YqU3GxhX79dM/mwVgvbZJaSNaRk+bshkj0S5cfHcgYakreBjrHwatXKbz+IoIdYLxrKim2MjW0Q=="
    },
    "node_modules/axios": {
      "version": "1.7.9",
      "resolved": "https://registry.npmjs.org/axios/-/axios-1.7.9.tgz",
      "integrity": "sha512-LhLcE7Hbiryz8oMDdDptSrWowmB4Bl6RCt6sIJKpRB4XtVf0iEgewX3au/pJqm+Py1kCASkb/FFKjxQaLtxJvw==",
      "dependencies": {
        "follow-redirects": "^1.15.6",
        "form-data": "^4.0.0",
        "proxy-from-env": "^1.1.0"
      }
    },
    "node_modules/combined-stream": {
      "version": "1.0.8",
      "resolved": "https://registry.npmjs.org/combined-stream/-/combined-stream-1.0.8.tgz",
      "integrity": "sha512-FQN4MRfuJeHf7cBbBMJFXhKSDq+2kAArBlmRBvcvFE5BB1HZKXtSFASDhdlz9zOYwxh8lDdnvmMOe/+5cdoEdg==",
      "dependencies": {
        "delayed-stream": "~1.0.0"
      },
      "engines": {
        "node": ">= 0.8"
      }
    },
    "node_modules/csv": {
      "version": "6.3.11",
      "resolved": "https://registry.npmjs.org/csv/-/csv-6.3.11.tgz",
      "integrity": "sha512-a8bhT76Q546jOElHcTrkzWY7Py925mfLO/jqquseH61ThOebYwOjLbWHBqdRB4K1VpU36sTyIei6Jwj7QdEZ7g==",
      "dependencies": {
        "csv-generate": "^4.4.2",
        "csv-parse": "^5.6.0",
        "csv-stringify": "^6.5.2",
        "stream-transform": "^3.3.3"
      },
      "engines": {
        "node": ">= 0.1.90"
      }
    },
    "node_modules/csv-generate": {
      "version": "4.4.2",
      "resolved": "https://registry.npmjs.org/csv-generate/-/csv-generate-4.4.2.tgz",
      "integrity": "sha512-W6nVsf+rz0J3yo9FOjeer7tmzBJKaTTxf7K0uw6GZgRocZYPVpuSWWa5/aoWWrjQZj4/oNIKTYapOM7hiNjVMA=="
    },
    "node_modules/csv-parse": {
      "version": "5.6.0",
      "resolved": "https://registry.npmjs.org/csv-parse/-/csv-parse-5.6.0.tgz",
      "integrity": "sha512-l3nz3euub2QMg5ouu5U09Ew9Wf6/wQ8I++ch1loQ0ljmzhmfZYrH9fflS22i/PQEvsPvxCwxgz5q7UB8K1JO4Q=="
    },
    "node_modules/csv-stringify": {
      "version": "6.5.2",
      "resolved": "https://registry.npmjs.org/csv-stringify/-/csv-stringify-6.5.2.tgz",
      "integrity": "sha512-RFPahj0sXcmUyjrObAK+DOWtMvMIFV328n4qZJhgX3x2RqkQgOTU2mCUmiFR0CzM6AzChlRSUErjiJeEt8BaQA=="
    },
    "node_modules/delayed-stream": {
      "version": "1.0.0",
      "resolved": "https://registry.npmjs.org/delayed-stream/-/delayed-stream-1.0.0.tgz",
      "integrity": "sha512-ZySD7Nf91aLB0RxL4KGrKHBXl7Eds1DAmEdcoVawXnLD7SDhpNgtuII2aAkg7a7QS41jxPSZ17p4VdGnMHk3MQ==",
      "engines": {
        "node": ">=0.4.0"
      }
    },
    "node_modules/dotenv": {
      "version": "16.5.0",
      "resolved": "https://registry.npmjs.org/dotenv/-/dotenv-16.5.0.tgz",
      "integrity": "sha512-m/C+AwOAr9/W1UOIZUo232ejMNnJAJtYQjUbHoNTBNTJSvqzzDh7vnrei3o3r3m9blf6ZoDkvcw0VmozNRFJxg==",
      "engines": {
        "node": ">=12"
      },
      "funding": {
        "url": "https://dotenvx.com"
      }
    },
    "node_modules/follow-redirects": {
      "version": "1.15.9",
      "resolved": "https://registry.npmjs.org/follow-redirects/-/follow-redirects-1.15.9.tgz",
      "integrity": "sha512-gew4GsXizNgdoRyqmyfMHyAmXsZDk6mHkSxZFCzW9gwlbtOW44CDtYavM+y+72qD/Vq2l550kMF52DT8fOLJqQ==",
      "funding": [
        {
          "type": "individual",
          "url": "https://github.com/sponsors/RubenVerborgh"
        }
      ],
      "engines": {
        "node": ">=4.0"
      },
      "peerDependenciesMeta": {
        "debug": {
          "optional": true
        }
      }
    },
    "node_modules/form-data": {
      "version": "4.0.1",
      "resolved": "https://registry.npmjs.org/form-data/-/form-data-4.0.1.tgz",
      "integrity": "sha512-tzN8e4TX8+kkxGPK8D5u0FNmjPUjw3lwC9lSLxxoB/+GtsJG91CO8bSWy73APlgAZzZbXEYZJuxjkHH2w+Ezhw==",
      "dependencies": {
        "asynckit": "^0.4.0",
        "combined-stream": "^1.0.8",
        "mime-types": "^2.1.12"
      },
      "engines": {
        "node": ">= 6"
      }
    },
    "node_modules/fsevents": {
      "version": "2.3.2",
      "resolved": "https://registry.npmjs.org/fsevents/-/fsevents-2.3.2.tgz",
      "integrity": "sha512-xiqMQR4xAeHTuB9uWm+fFRcIOgKBMiOBP+eXiyT7jsgVCq1bkVygt00oASowB7EdtpOHaaPgKt812P9ab+DDKA==",
      "dev": true,
      "hasInstallScript": true,
      "optional": true,
      "os": [
        "darwin"
      ],
      "engines": {
        "node": "^8.16.0 || ^10.6.0 || >=11.0.0"
      }
    },
    "node_modules/mime-db": {
      "version": "1.52.0",
      "resolved": "https://registry.npmjs.org/mime-db/-/mime-db-1.52.0.tgz",
      "integrity": "sha512-sPU4uV7dYlvtWJxwwxHD0PuihVNiE7TyAbQ5SWxDCB9mUYvOgroQOwYQQOKPJ8CIbE+1ETVlOoK1UC2nU3gYvg==",
      "engines": {
        "node": ">= 0.6"
      }
    },
    "node_modules/mime-types": {
      "version": "2.1.35",
      "resolved": "https://registry.npmjs.org/mime-types/-/mime-types-2.1.35.tgz",
      "integrity": "sha512-ZDY+bPm5zTTF+YpCrAU9nK0UgICYPT0QtT1NZWFv4s++TNkcgVaT0g6+4R2uI4MjQjzysHB1zxuWL50hzaeXiw==",
      "dependencies": {
        "mime-db": "1.52.0"
      },
      "engines": {
        "node": ">= 0.6"
      }
    },
    "node_modules/playwright": {
      "version": "1.45.1",
      "resolved": "https://registry.npmjs.org/playwright/-/playwright-1.45.1.tgz",
      "integrity": "sha512-Hjrgae4kpSQBr98nhCj3IScxVeVUixqj+5oyif8TdIn2opTCPEzqAqNMeK42i3cWDCVu9MI+ZsGWw+gVR4ISBg==",
      "dev": true,
      "dependencies": {
        "playwright-core": "1.45.1"
      },
      "bin": {
        "playwright": "cli.js"
      },
      "engines": {
        "node": ">=18"
      },
      "optionalDependencies": {
        "fsevents": "2.3.2"
      }
    },
    "node_modules/playwright-core": {
      "version": "1.45.1",
      "resolved": "https://registry.npmjs.org/playwright-core/-/playwright-core-1.45.1.tgz",
      "integrity": "sha512-LF4CUUtrUu2TCpDw4mcrAIuYrEjVDfT1cHbJMfwnE2+1b8PZcFzPNgvZCvq2JfQ4aTjRCCHw5EJ2tmr2NSzdPg==",
      "dev": true,
      "bin": {
        "playwright-core": "cli.js"
      },
      "engines": {
        "node": ">=18"
      }
    },
    "node_modules/proxy-from-env": {
      "version": "1.1.0",
      "resolved": "https://registry.npmjs.org/proxy-from-env/-/proxy-from-env-1.1.0.tgz",
      "integrity": "sha512-D+zkORCbA9f1tdWRK0RaCR3GPv50cMxcrz4X8k5LTSUD1Dkw47mKJEZQNunItRTkWwgtaUSo1RVFRIG9ZXiFYg=="
    },
    "node_modules/stream-transform": {
      "version": "3.3.3",
      "resolved": "https://registry.npmjs.org/stream-transform/-/stream-transform-3.3.3.tgz",
      "integrity": "sha512-dALXrXe+uq4aO5oStdHKlfCM/b3NBdouigvxVPxCdrMRAU6oHh3KNss20VbTPQNQmjAHzZGKGe66vgwegFEIog=="
    },
    "node_modules/undici-types": {
      "version": "5.26.5",
      "resolved": "https://registry.npmjs.org/undici-types/-/undici-types-5.26.5.tgz",
      "integrity": "sha512-JlCMO+ehdEIKqlFxk6IfVoAUVmgz7cU7zD/h9XZ0qzeosSHmUJVOzSQvvYSYWXkFXC+IfLKSIffhv0sVZup6pA==",
      "dev": true
    }
  }
}
